
Microsoft Visual Studio Solution File, Format Version 12.00
# Visual Studio Version 17
VisualStudioVersion = 17.3.32929.385
MinimumVisualStudioVersion = 10.0.40219.1
Project("{9A19103F-16F7-4668-BE54-9A1E7A4F7556}") = "PZ_01", "PZ_01\PZ_01.csproj", "{39F40D12-451E-4379-8E20-56621C7AAE95}"
EndProject
Project("{9A19103F-16F7-4668-BE54-9A1E7A4F7556}") = "PZ_02", "PZ_02\PZ_02.csproj", "{345F1E13-F40E-4DC1-8ABF-758AAD299196}"
EndProject
Project("{9A19103F-16F7-4668-BE54-9A1E7A4F7556}") = "PZ_03", "PZ_03\PZ_03.csproj", "{6B96006B-FE07-4903-BC0D-0B52A6E30236}"
EndProject
Project("{9A19103F-16F7-4668-BE54-9A1E7A4F7556}") = "PZ_04", "PZ_04\PZ_04.csproj", "{13576DB5-4236-43E4-86A1-3866A7EC1F26}"
EndProject
Project("{9A19103F-16F7-4668-BE54-9A1E7A4F7556}") = "PZ_05", "PZ_05\PZ_05.csproj", "{D4C06A7A-0C26-45CE-B553-4352C0352CBD}"
EndProject
Project("{9A19103F-16F7-4668-BE54-9A1E7A4F7556}") = "PZ_06", "PZ_06\PZ_06.csproj", "{0226F6C6-2381-4E87-B0F4-61E66BBADBC9}"
EndProject
Project("{9A19103F-16F7-4668-BE54-9A1E7A4F7556}") = "PZ_07", "PZ_07\PZ_07.csproj", "{9EAF35E7-B7FA-40A6-B41B-4C2E3FFC92C2}"
EndProject
Project("{9A19103F-16F7-4668-BE54-9A1E7A4F7556}") = "PZ_08", "PZ_08\PZ_08.csproj", "{5636FA54-8509-48F7-8311-B8C0A47D0D25}"
EndProject
Project("{9A19103F-16F7-4668-BE54-9A1E7A4F7556}") = "PZ_09", "PZ_09\PZ_09.csproj", "{02B44BB8-90F8-4584-93EB-B1613EDC118E}"
EndProject
Project("{9A19103F-16F7-4668-BE54-9A1E7A4F7556}") = "PZ_10", "PZ_10\PZ_10.csproj", "{8B38428A-2EB1-46C8-B970-22CF2838D6C7}"
EndProject
Project("{9A19103F-16F7-4668-BE54-9A1E7A4F7556}") = "PZ_11", "PZ_11\PZ_11.csproj", "{67F00F0A-66BF-4808-8704-A5956208A5EF}"
EndProject
Project("{9A19103F-16F7-4668-BE54-9A1E7A4F7556}") = "PZ_12", "PZ_12\PZ_12.csproj", "{C058B4A9-1CCF-4A24-9F41-D6789D6C242A}"
EndProject
Project("{9A19103F-16F7-4668-BE54-9A1E7A4F7556}") = "PZ_13", "PZ_13\PZ_13.csproj", "{D8CDC04C-C354-457A-8AA0-F3E495AA2FF0}"
EndProject
Project("{FAE04EC0-301F-11D3-BF4B-00C04F79EFBC}") = "PZ_14", "PZ_14\PZ_14.csproj", "{CEC8E036-179C-42D4-AB64-AC9C3690F43A}"
EndProject
Global
	GlobalSection(SolutionConfigurationPlatforms) = preSolution
		Debug|Any CPU = Debug|Any CPU
		Release|Any CPU = Release|Any CPU
	EndGlobalSection
	GlobalSection(ProjectConfigurationPlatforms) = postSolution
		{39F40D12-451E-4379-8E20-56621C7AAE95}.Debug|Any CPU.ActiveCfg = Debug|Any CPU
		{39F40D12-451E-4379-8E20-56621C7AAE95}.Debug|Any CPU.Build.0 = Debug|Any CPU
		{39F40D12-451E-4379-8E20-56621C7AAE95}.Release|Any CPU.ActiveCfg = Release|Any CPU
		{39F40D12-451E-4379-8E20-56621C7AAE95}.Release|Any CPU.Build.0 = Release|Any CPU
		{345F1E13-F40E-4DC1-8ABF-758AAD299196}.Debug|Any CPU.ActiveCfg = Debug|Any CPU
		{345F1E13-F40E-4DC1-8ABF-758AAD299196}.Debug|Any CPU.Build.0 = Debug|Any CPU
		{345F1E13-F40E-4DC1-8ABF-758AAD299196}.Release|Any CPU.ActiveCfg = Release|Any CPU
		{345F1E13-F40E-4DC1-8ABF-758AAD299196}.Release|Any CPU.Build.0 = Release|Any CPU
		{6B96006B-FE07-4903-BC0D-0B52A6E30236}.Debug|Any CPU.ActiveCfg = Debug|Any CPU
		{6B96006B-FE07-4903-BC0D-0B52A6E30236}.Debug|Any CPU.Build.0 = Debug|Any CPU
		{6B96006B-FE07-4903-BC0D-0B52A6E30236}.Release|Any CPU.ActiveCfg = Release|Any CPU
		{6B96006B-FE07-4903-BC0D-0B52A6E30236}.Release|Any CPU.Build.0 = Release|Any CPU
		{13576DB5-4236-43E4-86A1-3866A7EC1F26}.Debug|Any CPU.ActiveCfg = Debug|Any CPU
		{13576DB5-4236-43E4-86A1-3866A7EC1F26}.Debug|Any CPU.Build.0 = Debug|Any CPU
		{13576DB5-4236-43E4-86A1-3866A7EC1F26}.Release|Any CPU.ActiveCfg = Release|Any CPU
		{13576DB5-4236-43E4-86A1-3866A7EC1F26}.Release|Any CPU.Build.0 = Release|Any CPU
		{D4C06A7A-0C26-45CE-B553-4352C0352CBD}.Debug|Any CPU.ActiveCfg = Debug|Any CPU
		{D4C06A7A-0C26-45CE-B553-4352C0352CBD}.Debug|Any CPU.Build.0 = Debug|Any CPU
		{D4C06A7A-0C26-45CE-B553-4352C0352CBD}.Release|Any CPU.ActiveCfg = Release|Any CPU
		{D4C06A7A-0C26-45CE-B553-4352C0352CBD}.Release|Any CPU.Build.0 = Release|Any CPU
		{0226F6C6-2381-4E87-B0F4-61E66BBADBC9}.Debug|Any CPU.ActiveCfg = Debug|Any CPU
		{0226F6C6-2381-4E87-B0F4-61E66BBADBC9}.Debug|Any CPU.Build.0 = Debug|Any CPU
		{0226F6C6-2381-4E87-B0F4-61E66BBADBC9}.Release|Any CPU.ActiveCfg = Release|Any CPU
		{0226F6C6-2381-4E87-B0F4-61E66BBADBC9}.Release|Any CPU.Build.0 = Release|Any CPU
		{9EAF35E7-B7FA-40A6-B41B-4C2E3FFC92C2}.Debug|Any CPU.ActiveCfg = Debug|Any CPU
		{9EAF35E7-B7FA-40A6-B41B-4C2E3FFC92C2}.Debug|Any CPU.Build.0 = Debug|Any CPU
		{9EAF35E7-B7FA-40A6-B41B-4C2E3FFC92C2}.Release|Any CPU.ActiveCfg = Release|Any CPU
		{9EAF35E7-B7FA-40A6-B41B-4C2E3FFC92C2}.Release|Any CPU.Build.0 = Release|Any CPU
		{5636FA54-8509-48F7-8311-B8C0A47D0D25}.Debug|Any CPU.ActiveCfg = Debug|Any CPU
		{5636FA54-8509-48F7-8311-B8C0A47D0D25}.Debug|Any CPU.Build.0 = Debug|Any CPU
		{5636FA54-8509-48F7-8311-B8C0A47D0D25}.Release|Any CPU.ActiveCfg = Release|Any CPU
		{5636FA54-8509-48F7-8311-B8C0A47D0D25}.Release|Any CPU.Build.0 = Release|Any CPU
		{02B44BB8-90F8-4584-93EB-B1613EDC118E}.Debug|Any CPU.ActiveCfg = Debug|Any CPU
		{02B44BB8-90F8-4584-93EB-B1613EDC118E}.Debug|Any CPU.Build.0 = Debug|Any CPU
		{02B44BB8-90F8-4584-93EB-B1613EDC118E}.Release|Any CPU.ActiveCfg = Release|Any CPU
		{02B44BB8-90F8-4584-93EB-B1613EDC118E}.Release|Any CPU.Build.0 = Release|Any CPU
		{8B38428A-2EB1-46C8-B970-22CF2838D6C7}.Debug|Any CPU.ActiveCfg = Debug|Any CPU
		{8B38428A-2EB1-46C8-B970-22CF2838D6C7}.Debug|Any CPU.Build.0 = Debug|Any CPU
		{8B38428A-2EB1-46C8-B970-22CF2838D6C7}.Release|Any CPU.ActiveCfg = Release|Any CPU
		{8B38428A-2EB1-46C8-B970-22CF2838D6C7}.Release|Any CPU.Build.0 = Release|Any CPU
		{67F00F0A-66BF-4808-8704-A5956208A5EF}.Debug|Any CPU.ActiveCfg = Debug|Any CPU
		{67F00F0A-66BF-4808-8704-A5956208A5EF}.Debug|Any CPU.Build.0 = Debug|Any CPU
		{67F00F0A-66BF-4808-8704-A5956208A5EF}.Release|Any CPU.ActiveCfg = Release|Any CPU
		{67F00F0A-66BF-4808-8704-A5956208A5EF}.Release|Any CPU.Build.0 = Release|Any CPU
		{C058B4A9-1CCF-4A24-9F41-D6789D6C242A}.Debug|Any CPU.ActiveCfg = Debug|Any CPU
		{C058B4A9-1CCF-4A24-9F41-D6789D6C242A}.Debug|Any CPU.Build.0 = Debug|Any CPU
		{C058B4A9-1CCF-4A24-9F41-D6789D6C242A}.Release|Any CPU.ActiveCfg = Release|Any CPU
		{C058B4A9-1CCF-4A24-9F41-D6789D6C242A}.Release|Any CPU.Build.0 = Release|Any CPU
		{D8CDC04C-C354-457A-8AA0-F3E495AA2FF0}.Debug|Any CPU.ActiveCfg = Debug|Any CPU
		{D8CDC04C-C354-457A-8AA0-F3E495AA2FF0}.Debug|Any CPU.Build.0 = Debug|Any CPU
		{D8CDC04C-C354-457A-8AA0-F3E495AA2FF0}.Release|Any CPU.ActiveCfg = Release|Any CPU
		{D8CDC04C-C354-457A-8AA0-F3E495AA2FF0}.Release|Any CPU.Build.0 = Release|Any CPU
		{CEC8E036-179C-42D4-AB64-AC9C3690F43A}.Debug|Any CPU.ActiveCfg = Debug|Any CPU
		{CEC8E036-179C-42D4-AB64-AC9C3690F43A}.Debug|Any CPU.Build.0 = Debug|Any CPU
		{CEC8E036-179C-42D4-AB64-AC9C3690F43A}.Release|Any CPU.ActiveCfg = Release|Any CPU
		{CEC8E036-179C-42D4-AB64-AC9C3690F43A}.Release|Any CPU.Build.0 = Release|Any CPU
	EndGlobalSection
	GlobalSection(SolutionProperties) = preSolution
		HideSolutionNode = FALSE
	EndGlobalSection
	GlobalSection(ExtensibilityGlobals) = postSolution
		SolutionGuid = {D22ED086-0279-4BDD-AB00-B60E883F9022}
	EndGlobalSection
EndGlobal
