
Microsoft Visual Studio Solution File, Format Version 12.00
# Visual Studio Version 17
VisualStudioVersion = 17.8.34511.84
MinimumVisualStudioVersion = 10.0.40219.1
Project("{FAE04EC0-301F-11D3-BF4B-00C04F79EFBC}") = "PZ_18", "PZ_18\PZ_18.csproj", "{2DF216E1-EFA8-4B6A-885D-E00005815AA7}"
EndProject
Global
	GlobalSection(SolutionConfigurationPlatforms) = preSolution
		Debug|Any CPU = Debug|Any CPU
		Release|Any CPU = Release|Any CPU
	EndGlobalSection
	GlobalSection(ProjectConfigurationPlatforms) = postSolution
		{2DF216E1-EFA8-4B6A-885D-E00005815AA7}.Debug|Any CPU.ActiveCfg = Debug|Any CPU
		{2DF216E1-EFA8-4B6A-885D-E00005815AA7}.Debug|Any CPU.Build.0 = Debug|Any CPU
		{2DF216E1-EFA8-4B6A-885D-E00005815AA7}.Release|Any CPU.ActiveCfg = Release|Any CPU
		{2DF216E1-EFA8-4B6A-885D-E00005815AA7}.Release|Any CPU.Build.0 = Release|Any CPU
	EndGlobalSection
	GlobalSection(SolutionProperties) = preSolution
		HideSolutionNode = FALSE
	EndGlobalSection
	GlobalSection(ExtensibilityGlobals) = postSolution
		SolutionGuid = {9FA88E52-BD30-4492-8346-E38C6FA14CD6}
	EndGlobalSection
EndGlobal
